
Microsoft Visual Studio Solution File, Format Version 12.00
# Visual Studio 15
VisualStudioVersion = 15.0.28307.902
MinimumVisualStudioVersion = 10.0.40219.1
Project("{FAE04EC0-301F-11D3-BF4B-00C04F79EFBC}") = "Wenli.Drive.Redis", "Wenli.Drive.Redis\Wenli.Drive.Redis.csproj", "{224E5838-57C6-41E8-B2DE-AF1BEF7F6EC5}"
EndProject
Project("{FAE04EC0-301F-11D3-BF4B-00C04F79EFBC}") = "DriveTest", "DriveTest\DriveTest.csproj", "{7E8B59D4-683F-4393-864E-C315A79D5A97}"
EndProject
Global
	GlobalSection(SolutionConfigurationPlatforms) = preSolution
		Debug|Any CPU = Debug|Any CPU
		Release|Any CPU = Release|Any CPU
	EndGlobalSection
	GlobalSection(ProjectConfigurationPlatforms) = postSolution
		{224E5838-57C6-41E8-B2DE-AF1BEF7F6EC5}.Debug|Any CPU.ActiveCfg = Debug|Any CPU
		{224E5838-57C6-41E8-B2DE-AF1BEF7F6EC5}.Debug|Any CPU.Build.0 = Debug|Any CPU
		{224E5838-57C6-41E8-B2DE-AF1BEF7F6EC5}.Release|Any CPU.ActiveCfg = Release|Any CPU
		{224E5838-57C6-41E8-B2DE-AF1BEF7F6EC5}.Release|Any CPU.Build.0 = Release|Any CPU
		{7E8B59D4-683F-4393-864E-C315A79D5A97}.Debug|Any CPU.ActiveCfg = Debug|Any CPU
		{7E8B59D4-683F-4393-864E-C315A79D5A97}.Debug|Any CPU.Build.0 = Debug|Any CPU
		{7E8B59D4-683F-4393-864E-C315A79D5A97}.Release|Any CPU.ActiveCfg = Release|Any CPU
		{7E8B59D4-683F-4393-864E-C315A79D5A97}.Release|Any CPU.Build.0 = Release|Any CPU
	EndGlobalSection
	GlobalSection(SolutionProperties) = preSolution
		HideSolutionNode = FALSE
	EndGlobalSection
	GlobalSection(ExtensibilityGlobals) = postSolution
		SolutionGuid = {D2EC9F5B-3DB0-4E76-BD68-3CF8A589D914}
	EndGlobalSection
EndGlobal
